
Microsoft Visual Studio Solution File, Format Version 12.00
# Visual Studio 15
VisualStudioVersion = 15.0.27703.2047
MinimumVisualStudioVersion = 10.0.40219.1
Project("{9A19103F-16F7-4668-BE54-9A1E7A4F7556}") = "RestaurantAPI", "RestaurantAPI\RestaurantAPI.csproj", "{45C4FF16-4797-43A0-9E8E-4EBBAACB7795}"
EndProject
Project("{FAE04EC0-301F-11D3-BF4B-00C04F79EFBC}") = "RestaurantAPITests", "RestaurantAPITests\RestaurantAPITests.csproj", "{EF1807EF-09A0-472D-8F8D-467BDAEFE0DB}"
EndProject
Global
	GlobalSection(SolutionConfigurationPlatforms) = preSolution
		Debug|Any CPU = Debug|Any CPU
		Release|Any CPU = Release|Any CPU
	EndGlobalSection
	GlobalSection(ProjectConfigurationPlatforms) = postSolution
		{45C4FF16-4797-43A0-9E8E-4EBBAACB7795}.Debug|Any CPU.ActiveCfg = Debug|Any CPU
		{45C4FF16-4797-43A0-9E8E-4EBBAACB7795}.Debug|Any CPU.Build.0 = Debug|Any CPU
		{45C4FF16-4797-43A0-9E8E-4EBBAACB7795}.Release|Any CPU.ActiveCfg = Release|Any CPU
		{45C4FF16-4797-43A0-9E8E-4EBBAACB7795}.Release|Any CPU.Build.0 = Release|Any CPU
		{EF1807EF-09A0-472D-8F8D-467BDAEFE0DB}.Debug|Any CPU.ActiveCfg = Debug|Any CPU
		{EF1807EF-09A0-472D-8F8D-467BDAEFE0DB}.Debug|Any CPU.Build.0 = Debug|Any CPU
		{EF1807EF-09A0-472D-8F8D-467BDAEFE0DB}.Release|Any CPU.ActiveCfg = Release|Any CPU
		{EF1807EF-09A0-472D-8F8D-467BDAEFE0DB}.Release|Any CPU.Build.0 = Release|Any CPU
	EndGlobalSection
	GlobalSection(SolutionProperties) = preSolution
		HideSolutionNode = FALSE
	EndGlobalSection
	GlobalSection(ExtensibilityGlobals) = postSolution
		SolutionGuid = {6BB51734-9AC0-44B5-A507-DAB07AE7BC76}
	EndGlobalSection
EndGlobal
